
Microsoft Visual Studio Solution File, Format Version 12.00
# Visual Studio 15
VisualStudioVersion = 15.0.28307.136
MinimumVisualStudioVersion = 10.0.40219.1
Project("{FAE04EC0-301F-11D3-BF4B-00C04F79EFBC}") = "CoderByte_LetterChanges", "CoderByte_LetterChanges\CoderByte_LetterChanges.csproj", "{F8318345-2A86-4978-9563-2EE3750AB1C0}"
EndProject
Global
	GlobalSection(SolutionConfigurationPlatforms) = preSolution
		Debug|Any CPU = Debug|Any CPU
		Release|Any CPU = Release|Any CPU
	EndGlobalSection
	GlobalSection(ProjectConfigurationPlatforms) = postSolution
		{F8318345-2A86-4978-9563-2EE3750AB1C0}.Debug|Any CPU.ActiveCfg = Debug|Any CPU
		{F8318345-2A86-4978-9563-2EE3750AB1C0}.Debug|Any CPU.Build.0 = Debug|Any CPU
		{F8318345-2A86-4978-9563-2EE3750AB1C0}.Release|Any CPU.ActiveCfg = Release|Any CPU
		{F8318345-2A86-4978-9563-2EE3750AB1C0}.Release|Any CPU.Build.0 = Release|Any CPU
	EndGlobalSection
	GlobalSection(SolutionProperties) = preSolution
		HideSolutionNode = FALSE
	EndGlobalSection
	GlobalSection(ExtensibilityGlobals) = postSolution
		SolutionGuid = {63CD898D-F812-492D-8757-0F13DBCA6C04}
	EndGlobalSection
EndGlobal
